
Microsoft Visual Studio Solution File, Format Version 12.00
# Visual Studio Version 17
VisualStudioVersion = 17.9.34622.214
MinimumVisualStudioVersion = 10.0.40219.1
Project("{FAE04EC0-301F-11D3-BF4B-00C04F79EFBC}") = "FindPrimeNumbers", "FindPrimeNumbers.csproj", "{54F0AF62-AD69-4074-9C6C-D0E7B5D5A39C}"
EndProject
Global
	GlobalSection(SolutionConfigurationPlatforms) = preSolution
		Debug|Any CPU = Debug|Any CPU
		Release|Any CPU = Release|Any CPU
	EndGlobalSection
	GlobalSection(ProjectConfigurationPlatforms) = postSolution
		{54F0AF62-AD69-4074-9C6C-D0E7B5D5A39C}.Debug|Any CPU.ActiveCfg = Debug|Any CPU
		{54F0AF62-AD69-4074-9C6C-D0E7B5D5A39C}.Debug|Any CPU.Build.0 = Debug|Any CPU
		{54F0AF62-AD69-4074-9C6C-D0E7B5D5A39C}.Release|Any CPU.ActiveCfg = Release|Any CPU
		{54F0AF62-AD69-4074-9C6C-D0E7B5D5A39C}.Release|Any CPU.Build.0 = Release|Any CPU
	EndGlobalSection
	GlobalSection(SolutionProperties) = preSolution
		HideSolutionNode = FALSE
	EndGlobalSection
	GlobalSection(ExtensibilityGlobals) = postSolution
		SolutionGuid = {701857A1-D8F1-41A7-8185-195941402CE3}
	EndGlobalSection
EndGlobal
